
Microsoft Visual Studio Solution File, Format Version 12.00
Project("{FAE04EC0-301F-11D3-BF4B-00C04F79EFBC}") = "Api", "src\Api\Api.csproj", "{D362197F-7D27-49A4-9828-B6B7799D6C38}"
EndProject
Project("{2150E333-8FDC-42A3-9474-1A3956D46DE8}") = "Src", "Src", "{17753A09-4024-4263-8411-ED5013C8CE5F}"
EndProject
Project("{FAE04EC0-301F-11D3-BF4B-00C04F79EFBC}") = "Bot", "src\Bot\Bot.csproj", "{1362B4DD-D63C-44FC-949D-9DAFE0F9FE7B}"
EndProject
Project("{FAE04EC0-301F-11D3-BF4B-00C04F79EFBC}") = "Data", "src\Data\Data.csproj", "{B9B9ABBE-CE3A-4C96-9F2F-7BF11AD36416}"
EndProject
Project("{FAE04EC0-301F-11D3-BF4B-00C04F79EFBC}") = "Core", "src\Core\Core.csproj", "{E0E20B43-6D99-47DA-9746-CF22205ACB4C}"
EndProject
Global
	GlobalSection(SolutionConfigurationPlatforms) = preSolution
		Debug|Any CPU = Debug|Any CPU
		Release|Any CPU = Release|Any CPU
	EndGlobalSection
	GlobalSection(ProjectConfigurationPlatforms) = postSolution
		{D362197F-7D27-49A4-9828-B6B7799D6C38}.Debug|Any CPU.ActiveCfg = Debug|Any CPU
		{D362197F-7D27-49A4-9828-B6B7799D6C38}.Debug|Any CPU.Build.0 = Debug|Any CPU
		{D362197F-7D27-49A4-9828-B6B7799D6C38}.Release|Any CPU.ActiveCfg = Release|Any CPU
		{D362197F-7D27-49A4-9828-B6B7799D6C38}.Release|Any CPU.Build.0 = Release|Any CPU
		{1362B4DD-D63C-44FC-949D-9DAFE0F9FE7B}.Debug|Any CPU.ActiveCfg = Debug|Any CPU
		{1362B4DD-D63C-44FC-949D-9DAFE0F9FE7B}.Debug|Any CPU.Build.0 = Debug|Any CPU
		{1362B4DD-D63C-44FC-949D-9DAFE0F9FE7B}.Release|Any CPU.ActiveCfg = Release|Any CPU
		{1362B4DD-D63C-44FC-949D-9DAFE0F9FE7B}.Release|Any CPU.Build.0 = Release|Any CPU
		{B9B9ABBE-CE3A-4C96-9F2F-7BF11AD36416}.Debug|Any CPU.ActiveCfg = Debug|Any CPU
		{B9B9ABBE-CE3A-4C96-9F2F-7BF11AD36416}.Debug|Any CPU.Build.0 = Debug|Any CPU
		{B9B9ABBE-CE3A-4C96-9F2F-7BF11AD36416}.Release|Any CPU.ActiveCfg = Release|Any CPU
		{B9B9ABBE-CE3A-4C96-9F2F-7BF11AD36416}.Release|Any CPU.Build.0 = Release|Any CPU
		{E0E20B43-6D99-47DA-9746-CF22205ACB4C}.Debug|Any CPU.ActiveCfg = Debug|Any CPU
		{E0E20B43-6D99-47DA-9746-CF22205ACB4C}.Debug|Any CPU.Build.0 = Debug|Any CPU
		{E0E20B43-6D99-47DA-9746-CF22205ACB4C}.Release|Any CPU.ActiveCfg = Release|Any CPU
		{E0E20B43-6D99-47DA-9746-CF22205ACB4C}.Release|Any CPU.Build.0 = Release|Any CPU
	EndGlobalSection
	GlobalSection(NestedProjects) = preSolution
		{D362197F-7D27-49A4-9828-B6B7799D6C38} = {17753A09-4024-4263-8411-ED5013C8CE5F}
		{1362B4DD-D63C-44FC-949D-9DAFE0F9FE7B} = {17753A09-4024-4263-8411-ED5013C8CE5F}
		{B9B9ABBE-CE3A-4C96-9F2F-7BF11AD36416} = {17753A09-4024-4263-8411-ED5013C8CE5F}
		{E0E20B43-6D99-47DA-9746-CF22205ACB4C} = {17753A09-4024-4263-8411-ED5013C8CE5F}
	EndGlobalSection
EndGlobal
